// !$*UTF8*$!
{
	archiveVersion = 1;
	classes = {
	};
	objectVersion = 46;
	objects = {

/* Begin PBXBuildFile section */
		FD54425E1A5F9BAA00EA563E /* main.m in Sources */ = {isa = PBXBuildFile; fileRef = FD54425D1A5F9BAA00EA563E /* main.m */; };
		FD5442611A5F9BAA00EA563E /* AppDelegate.m in Sources */ = {isa = PBXBuildFile; fileRef = FD5442601A5F9BAA00EA563E /* AppDelegate.m */; };
		FD5442641A5F9BAA00EA563E /* ViewController.m in Sources */ = {isa = PBXBuildFile; fileRef = FD5442631A5F9BAA00EA563E /* ViewController.m */; };
		FD5442671A5F9BAA00EA563E /* Main.storyboard in Resources */ = {isa = PBXBuildFile; fileRef = FD5442651A5F9BAA00EA563E /* Main.storyboard */; };
		FD5442691A5F9BAA00EA563E /* Images.xcassets in Resources */ = {isa = PBXBuildFile; fileRef = FD5442681A5F9BAA00EA563E /* Images.xcassets */; };
		FD54426C1A5F9BAA00EA563E /* LaunchScreen.xib in Resources */ = {isa = PBXBuildFile; fileRef = FD54426A1A5F9BAA00EA563E /* LaunchScreen.xib */; };
		FD5442781A5F9BAA00EA563E /* ScannerProjectTests.m in Sources */ = {isa = PBXBuildFile; fileRef = FD5442771A5F9BAA00EA563E /* ScannerProjectTests.m */; };
/* End PBXBuildFile section */

/* Begin PBXContainerItemProxy section */
		FD5442721A5F9BAA00EA563E /* PBXContainerItemProxy */ = {
			isa = PBXContainerItemProxy;
			containerPortal = FD5442501A5F9BAA00EA563E /* Project object */;
			proxyType = 1;
			remoteGlobalIDString = FD5442571A5F9BAA00EA563E;
			remoteInfo = ScannerProject;
		};
/* End PBXContainerItemProxy section */

/* Begin PBXFileReference section */
		FD5442581A5F9BAA00EA563E /* ScannerProject.app */ = {isa = PBXFileReference; explicitFileType = wrapper.application; includeInIndex = 0; path = ScannerProject.app; sourceTree = BUILT_PRODUCTS_DIR; };
		FD54425C1A5F9BAA00EA563E /* Info.plist */ = {isa = PBXFileReference; lastKnownFileType = text.plist.xml; path = Info.plist; sourceTree = "<group>"; };
		FD54425D1A5F9BAA00EA563E /* main.m */ = {isa = PBXFileReference; lastKnownFileType = sourcecode.c.objc; path = main.m; sourceTree = "<group>"; };
		FD54425F1A5F9BAA00EA563E /* AppDelegate.h */ = {isa = PBXFileReference; lastKnownFileType = sourcecode.c.h; path = AppDelegate.h; sourceTree = "<group>"; };
		FD5442601A5F9BAA00EA563E /* AppDelegate.m */ = {isa = PBXFileReference; lastKnownFileType = sourcecode.c.objc; path = AppDelegate.m; sourceTree = "<group>"; };
		FD5442621A5F9BAA00EA563E /* ViewController.h */ = {isa = PBXFileReference; lastKnownFileType = sourcecode.c.h; path = ViewController.h; sourceTree = "<group>"; };
		FD5442631A5F9BAA00EA563E /* ViewController.m */ = {isa = PBXFileReference; lastKnownFileType = sourcecode.c.objc; path = ViewController.m; sourceTree = "<group>"; };
		FD5442661A5F9BAA00EA563E /* Base */ = {isa = PBXFileReference; lastKnownFileType = file.storyboard; name = Base; path = Base.lproj/Main.storyboard; sourceTree = "<group>"; };
		FD5442681A5F9BAA00EA563E /* Images.xcassets */ = {isa = PBXFileReference; lastKnownFileType = folder.assetcatalog; path = Images.xcassets; sourceTree = "<group>"; };
		FD54426B1A5F9BAA00EA563E /* Base */ = {isa = PBXFileReference; lastKnownFileType = file.xib; name = Base; path = Base.lproj/LaunchScreen.xib; sourceTree = "<group>"; };
		FD5442711A5F9BAA00EA563E /* ScannerProjectTests.xctest */ = {isa = PBXFileReference; explicitFileType = wrapper.cfbundle; includeInIndex = 0; path = ScannerProjectTests.xctest; sourceTree = BUILT_PRODUCTS_DIR; };
		FD5442761A5F9BAA00EA563E /* Info.plist */ = {isa = PBXFileReference; lastKnownFileType = text.plist.xml; path = Info.plist; sourceTree = "<group>"; };
		FD5442771A5F9BAA00EA563E /* ScannerProjectTests.m */ = {isa = PBXFileReference; lastKnownFileType = sourcecode.c.objc; path = ScannerProjectTests.m; sourceTree = "<group>"; };
/* End PBXFileReference section */

/* Begin PBXFrameworksBuildPhase section */
		FD5442551A5F9BAA00EA563E /* Frameworks */ = {
			isa = PBXFrameworksBuildPhase;
			buildActionMask = 2147483647;
			files = (
			);
			runOnlyForDeploymentPostprocessing = 0;
		};
		FD54426E1A5F9BAA00EA563E /* Frameworks */ = {
			isa = PBXFrameworksBuildPhase;
			buildActionMask = 2147483647;
			files = (
			);
			runOnlyForDeploymentPostprocessing = 0;
		};
/* End PBXFrameworksBuildPhase section */

/* Begin PBXGroup section */
		FD54424F1A5F9BA900EA563E = {
			isa = PBXGroup;
			children = (
				FD54425A1A5F9BAA00EA563E /* ScannerProject */,
				FD5442741A5F9BAA00EA563E /* ScannerProjectTests */,
				FD5442591A5F9BAA00EA563E /* Products */,
			);
			sourceTree = "<group>";
		};
		FD5442591A5F9BAA00EA563E /* Products */ = {
			isa = PBXGroup;
			children = (
				FD5442581A5F9BAA00EA563E /* ScannerProject.app */,
				FD5442711A5F9BAA00EA563E /* ScannerProjectTests.xctest */,
			);
			name = Products;
			sourceTree = "<group>";
		};
		FD54425A1A5F9BAA00EA563E /* ScannerProject */ = {
			isa = PBXGroup;
			children = (
				FD54425F1A5F9BAA00EA563E /* AppDelegate.h */,
				FD5442601A5F9BAA00EA563E /* AppDelegate.m */,
				FD5442621A5F9BAA00EA563E /* ViewController.h */,
				FD5442631A5F9BAA00EA563E /* ViewController.m */,
				FD5442651A5F9BAA00EA563E /* Main.storyboard */,
				FD5442681A5F9BAA00EA563E /* Images.xcassets */,
				FD54426A1A5F9BAA00EA563E /* LaunchScreen.xib */,
				FD54425B1A5F9BAA00EA563E /* Supporting Files */,
			);
			path = ScannerProject;
			sourceTree = "<group>";
		};
		FD54425B1A5F9BAA00EA563E /* Supporting Files */ = {
			isa = PBXGroup;
			children = (
				FD54425C1A5F9BAA00EA563E /* Info.plist */,
				FD54425D1A5F9BAA00EA563E /* main.m */,
			);
			name = "Supporting Files";
			sourceTree = "<group>";
		};
		FD5442741A5F9BAA00EA563E /* ScannerProjectTests */ = {
			isa = PBXGroup;
			children = (
				FD5442771A5F9BAA00EA563E /* ScannerProjectTests.m */,
				FD5442751A5F9BAA00EA563E /* Supporting Files */,
			);
			path = ScannerProjectTests;
			sourceTree = "<group>";
		};
		FD5442751A5F9BAA00EA563E /* Supporting Files */ = {
			isa = PBXGroup;
			children = (
				FD5442761A5F9BAA00EA563E /* Info.plist */,
			);
			name = "Supporting Files";
			sourceTree = "<group>";
		};
/* End PBXGroup section */

/* Begin PBXNativeTarget section */
		FD5442571A5F9BAA00EA563E /* ScannerProject */ = {
			isa = PBXNativeTarget;
			buildConfigurationList = FD54427B1A5F9BAA00EA563E /* Build configuration list for PBXNativeTarget "ScannerProject" */;
			buildPhases = (
				FD5442541A5F9BAA00EA563E /* Sources */,
				FD5442551A5F9BAA00EA563E /* Frameworks */,
				FD5442561A5F9BAA00EA563E /* Resources */,
			);
			buildRules = (
			);
			dependencies = (
			);
			name = ScannerProject;
			productName = ScannerProject;
			productReference = FD5442581A5F9BAA00EA563E /* ScannerProject.app */;
			productType = "com.apple.product-type.application";
		};
		FD5442701A5F9BAA00EA563E /* ScannerProjectTests */ = {
			isa = PBXNativeTarget;
			buildConfigurationList = FD54427E1A5F9BAA00EA563E /* Build configuration list for PBXNativeTarget "ScannerProjectTests" */;
			buildPhases = (
				FD54426D1A5F9BAA00EA563E /* Sources */,
				FD54426E1A5F9BAA00EA563E /* Frameworks */,
				FD54426F1A5F9BAA00EA563E /* Resources */,
			);
			buildRules = (
			);
			dependencies = (
				FD5442731A5F9BAA00EA563E /* PBXTargetDependency */,
			);
			name = ScannerProjectTests;
			productName = ScannerProjectTests;
			productReference = FD5442711A5F9BAA00EA563E /* ScannerProjectTests.xctest */;
			productType = "com.apple.product-type.bundle.unit-test";
		};
/* End PBXNativeTarget section */

/* Begin PBXProject section */
		FD5442501A5F9BAA00EA563E /* Project object */ = {
			isa = PBXProject;
			attributes = {
				LastUpgradeCheck = 0600;
				ORGANIZATIONNAME = "Avinash kashyap";
				TargetAttributes = {
					FD5442571A5F9BAA00EA563E = {
						CreatedOnToolsVersion = 6.0.1;
					};
					FD5442701A5F9BAA00EA563E = {
						CreatedOnToolsVersion = 6.0.1;
						TestTargetID = FD5442571A5F9BAA00EA563E;
					};
				};
			};
			buildConfigurationList = FD5442531A5F9BAA00EA563E /* Build configuration list for PBXProject "ScannerProject" */;
			compatibilityVersion = "Xcode 3.2";
			developmentRegion = English;
			hasScannedForEncodings = 0;
			knownRegions = (
				en,
				Base,
			);
			mainGroup = FD54424F1A5F9BA900EA563E;
			productRefGroup = FD5442591A5F9BAA00EA563E /* Products */;
			projectDirPath = "";
			projectRoot = "";
			targets = (
				FD5442571A5F9BAA00EA563E /* ScannerProject */,
				FD5442701A5F9BAA00EA563E /* ScannerProjectTests */,
			);
		};
/* End PBXProject section */

/* Begin PBXResourcesBuildPhase section */
		FD5442561A5F9BAA00EA563E /* Resources */ = {
			isa = PBXResourcesBuildPhase;
			buildActionMask = 2147483647;
			files = (
				FD5442671A5F9BAA00EA563E /* Main.storyboard in Resources */,
				FD54426C1A5F9BAA00EA563E /* LaunchScreen.xib in Resources */,
				FD5442691A5F9BAA00EA563E /* Images.xcassets in Resources */,
			);
			runOnlyForDeploymentPostprocessing = 0;
		};
		FD54426F1A5F9BAA00EA563E /* Resources */ = {
			isa = PBXResourcesBuildPhase;
			buildActionMask = 2147483647;
			files = (
			);
			runOnlyForDeploymentPostprocessing = 0;
		};
/* End PBXResourcesBuildPhase section */

/* Begin PBXSourcesBuildPhase section */
		FD5442541A5F9BAA00EA563E /* Sources */ = {
			isa = PBXSourcesBuildPhase;
			buildActionMask = 2147483647;
			files = (
				FD5442641A5F9BAA00EA563E /* ViewController.m in Sources */,
				FD5442611A5F9BAA00EA563E /* AppDelegate.m in Sources */,
				FD54425E1A5F9BAA00EA563E /* main.m in Sources */,
			);
			runOnlyForDeploymentPostprocessing = 0;
		};
		FD54426D1A5F9BAA00EA563E /* Sources */ = {
			isa = PBXSourcesBuildPhase;
			buildActionMask = 2147483647;
			files = (
				FD5442781A5F9BAA00EA563E /* ScannerProjectTests.m in Sources */,
			);
			runOnlyForDeploymentPostprocessing = 0;
		};
/* End PBXSourcesBuildPhase section */

/* Begin PBXTargetDependency section */
		FD5442731A5F9BAA00EA563E /* PBXTargetDependency */ = {
			isa = PBXTargetDependency;
			target = FD5442571A5F9BAA00EA563E /* ScannerProject */;
			targetProxy = FD5442721A5F9BAA00EA563E /* PBXContainerItemProxy */;
		};
/* End PBXTargetDependency section */

/* Begin PBXVariantGroup section */
		FD5442651A5F9BAA00EA563E /* Main.storyboard */ = {
			isa = PBXVariantGroup;
			children = (
				FD5442661A5F9BAA00EA563E /* Base */,
			);
			name = Main.storyboard;
			sourceTree = "<group>";
		};
		FD54426A1A5F9BAA00EA563E /* LaunchScreen.xib */ = {
			isa = PBXVariantGroup;
			children = (
				FD54426B1A5F9BAA00EA563E /* Base */,
			);
			name = LaunchScreen.xib;
			sourceTree = "<group>";
		};
/* End PBXVariantGroup section */

/* Begin XCBuildConfiguration section */
		FD5442791A5F9BAA00EA563E /* Debug */ = {
			isa = XCBuildConfiguration;
			buildSettings = {
				ALWAYS_SEARCH_USER_PATHS = NO;
				CLANG_CXX_LANGUAGE_STANDARD = "gnu++0x";
				CLANG_CXX_LIBRARY = "libc++";
				CLANG_ENABLE_MODULES = YES;
				CLANG_ENABLE_OBJC_ARC = YES;
				CLANG_WARN_BOOL_CONVERSION = YES;
				CLANG_WARN_CONSTANT_CONVERSION = YES;
				CLANG_WARN_DIRECT_OBJC_ISA_USAGE = YES_ERROR;
				CLANG_WARN_EMPTY_BODY = YES;
				CLANG_WARN_ENUM_CONVERSION = YES;
				CLANG_WARN_INT_CONVERSION = YES;
				CLANG_WARN_OBJC_ROOT_CLASS = YES_ERROR;
				CLANG_WARN_UNREACHABLE_CODE = YES;
				CLANG_WARN__DUPLICATE_METHOD_MATCH = YES;
				"CODE_SIGN_IDENTITY[sdk=iphoneos*]" = "iPhone Developer";
				COPY_PHASE_STRIP = NO;
				ENABLE_STRICT_OBJC_MSGSEND = YES;
				GCC_C_LANGUAGE_STANDARD = gnu99;
				GCC_DYNAMIC_NO_PIC = NO;
				GCC_OPTIMIZATION_LEVEL = 0;
				GCC_PREPROCESSOR_DEFINITIONS = (
					"DEBUG=1",
					"$(inherited)",
				);
				GCC_SYMBOLS_PRIVATE_EXTERN = NO;
				GCC_WARN_64_TO_32_BIT_CONVERSION = YES;
				GCC_WARN_ABOUT_RETURN_TYPE = YES_ERROR;
				GCC_WARN_UNDECLARED_SELECTOR = YES;
				GCC_WARN_UNINITIALIZED_AUTOS = YES_AGGRESSIVE;
				GCC_WARN_UNUSED_FUNCTION = YES;
				GCC_WARN_UNUSED_VARIABLE = YES;
				IPHONEOS_DEPLOYMENT_TARGET = 8.0;
				MTL_ENABLE_DEBUG_INFO = YES;
				ONLY_ACTIVE_ARCH = YES;
				SDKROOT = iphoneos;
				TARGETED_DEVICE_FAMILY = "1,2";
			};
			name = Debug;
		};
		FD54427A1A5F9BAA00EA563E /* Release */ = {
			isa = XCBuildConfiguration;
			buildSettings = {
				ALWAYS_SEARCH_USER_PATHS = NO;
				CLANG_CXX_LANGUAGE_STANDARD = "gnu++0x";
				CLANG_CXX_LIBRARY = "libc++";
				CLANG_ENABLE_MODULES = YES;
				CLANG_ENABLE_OBJC_ARC = YES;
				CLANG_WARN_BOOL_CONVERSION = YES;
				CLANG_WARN_CONSTANT_CONVERSION = YES;
				CLANG_WARN_DIRECT_OBJC_ISA_USAGE = YES_ERROR;
				CLANG_WARN_EMPTY_BODY = YES;
				CLANG_WARN_ENUM_CONVERSION = YES;
				CLANG_WARN_INT_CONVERSION = YES;
				CLANG_WARN_OBJC_ROOT_CLASS = YES_ERROR;
				CLANG_WARN_UNREACHABLE_CODE = YES;
				CLANG_WARN__DUPLICATE_METHOD_MATCH = YES;
				"CODE_SIGN_IDENTITY[sdk=iphoneos*]" = "iPhone Developer";
				COPY_PHASE_STRIP = YES;
				ENABLE_NS_ASSERTIONS = NO;
				ENABLE_STRICT_OBJC_MSGSEND = YES;
				GCC_C_LANGUAGE_STANDARD = gnu99;
				GCC_WARN_64_TO_32_BIT_CONVERSION = YES;
				GCC_WARN_ABOUT_RETURN_TYPE = YES_ERROR;
				GCC_WARN_UNDECLARED_SELECTOR = YES;
				GCC_WARN_UNINITIALIZED_AUTOS = YES_AGGRESSIVE;
				GCC_WARN_UNUSED_FUNCTION = YES;
				GCC_WARN_UNUSED_VARIABLE = YES;
				IPHONEOS_DEPLOYMENT_TARGET = 8.0;
				MTL_ENABLE_DEBUG_INFO = NO;
				SDKROOT = iphoneos;
				TARGETED_DEVICE_FAMILY = "1,2";
				VALIDATE_PRODUCT = YES;
			};
			name = Release;
		};
		FD54427C1A5F9BAA00EA563E /* Debug */ = {
			isa = XCBuildConfiguration;
			buildSettings = {
				ASSETCATALOG_COMPILER_APPICON_NAME = AppIcon;
				INFOPLIST_FILE = ScannerProject/Info.plist;
				LD_RUNPATH_SEARCH_PATHS = "$(inherited) @executable_path/Frameworks";
				PRODUCT_NAME = "$(TARGET_NAME)";
			};
			name = Debug;
		};
		FD54427D1A5F9BAA00EA563E /* Release */ = {
			isa = XCBuildConfiguration;
			buildSettings = {
				ASSETCATALOG_COMPILER_APPICON_NAME = AppIcon;
				INFOPLIST_FILE = ScannerProject/Info.plist;
				LD_RUNPATH_SEARCH_PATHS = "$(inherited) @executable_path/Frameworks";
				PRODUCT_NAME = "$(TARGET_NAME)";
			};
			name = Release;
		};
		FD54427F1A5F9BAA00EA563E /* Debug */ = {
			isa = XCBuildConfiguration;
			buildSettings = {
				BUNDLE_LOADER = "$(TEST_HOST)";
				FRAMEWORK_SEARCH_PATHS = (
					"$(SDKROOT)/Developer/Library/Frameworks",
					"$(inherited)",
				);
				GCC_PREPROCESSOR_DEFINITIONS = (
					"DEBUG=1",
					"$(inherited)",
				);
				INFOPLIST_FILE = ScannerProjectTests/Info.plist;
				LD_RUNPATH_SEARCH_PATHS = "$(inherited) @executable_path/Frameworks @loader_path/Frameworks";
				PRODUCT_NAME = "$(TARGET_NAME)";
				TEST_HOST = "$(BUILT_PRODUCTS_DIR)/ScannerProject.app/ScannerProject";
			};
			name = Debug;
		};
		FD5442801A5F9BAA00EA563E /* Release */ = {
			isa = XCBuildConfiguration;
			buildSettings = {
				BUNDLE_LOADER = "$(TEST_HOST)";
				FRAMEWORK_SEARCH_PATHS = (
					"$(SDKROOT)/Developer/Library/Frameworks",
					"$(inherited)",
				);
				INFOPLIST_FILE = ScannerProjectTests/Info.plist;
				LD_RUNPATH_SEARCH_PATHS = "$(inherited) @executable_path/Frameworks @loader_path/Frameworks";
				PRODUCT_NAME = "$(TARGET_NAME)";
				TEST_HOST = "$(BUILT_PRODUCTS_DIR)/ScannerProject.app/ScannerProject";
			};
			name = Release;
		};
/* End XCBuildConfiguration section */

/* Begin XCConfigurationList section */
		FD5442531A5F9BAA00EA563E /* Build configuration list for PBXProject "ScannerProject" */ = {
			isa = XCConfigurationList;
			buildConfigurations = (
				FD5442791A5F9BAA00EA563E /* Debug */,
				FD54427A1A5F9BAA00EA563E /* Release */,
			);
			defaultConfigurationIsVisible = 0;
			defaultConfigurationName = Release;
		};
		FD54427B1A5F9BAA00EA563E /* Build configuration list for PBXNativeTarget "ScannerProject" */ = {
			isa = XCConfigurationList;
			buildConfigurations = (
				FD54427C1A5F9BAA00EA563E /* Debug */,
				FD54427D1A5F9BAA00EA563E /* Release */,
			);
			defaultConfigurationIsVisible = 0;
		};
		FD54427E1A5F9BAA00EA563E /* Build configuration list for PBXNativeTarget "ScannerProjectTests" */ = {
			isa = XCConfigurationList;
			buildConfigurations = (
				FD54427F1A5F9BAA00EA563E /* Debug */,
				FD5442801A5F9BAA00EA563E /* Release */,
			);
			defaultConfigurationIsVisible = 0;
		};
/* End XCConfigurationList section */
	};
	rootObject = FD5442501A5F9BAA00EA563E /* Project object */;
}
